
Microsoft Visual Studio Solution File, Format Version 12.00
# Visual Studio 15
VisualStudioVersion = 15.0.28010.2050
MinimumVisualStudioVersion = 10.0.40219.1
Project("{FAE04EC0-301F-11D3-BF4B-00C04F79EFBC}") = "AboutEnum", "ListEnum\AboutEnum.csproj", "{C53D6273-CA31-47E9-83F1-D20096B53371}"
EndProject
Global
	GlobalSection(SolutionConfigurationPlatforms) = preSolution
		Debug|Any CPU = Debug|Any CPU
		Release|Any CPU = Release|Any CPU
	EndGlobalSection
	GlobalSection(ProjectConfigurationPlatforms) = postSolution
		{C53D6273-CA31-47E9-83F1-D20096B53371}.Debug|Any CPU.ActiveCfg = Debug|Any CPU
		{C53D6273-CA31-47E9-83F1-D20096B53371}.Debug|Any CPU.Build.0 = Debug|Any CPU
		{C53D6273-CA31-47E9-83F1-D20096B53371}.Release|Any CPU.ActiveCfg = Release|Any CPU
		{C53D6273-CA31-47E9-83F1-D20096B53371}.Release|Any CPU.Build.0 = Release|Any CPU
	EndGlobalSection
	GlobalSection(SolutionProperties) = preSolution
		HideSolutionNode = FALSE
	EndGlobalSection
	GlobalSection(ExtensibilityGlobals) = postSolution
		SolutionGuid = {6983BC66-2840-4957-BF6D-8168D64263CF}
	EndGlobalSection
EndGlobal
